<?xml version="1.0" encoding="utf-8"?>
<Project ToolsVersion="4.0" xmlns="http://schemas.microsoft.com/developer/msbuild/2003">
  <ItemGroup>
    <Filter Include="Source Files">
      <UniqueIdentifier>{4FC737F1-C7A5-4376-A066-2A32D752A2FF}</UniqueIdentifier>
      <Extensions>cpp;c;cc;cxx;def;odl;idl;hpj;bat;asm;asmx</Extensions>
    </Filter>
    <Filter Include="Header Files">
      <UniqueIdentifier>{93995380-89BD-4b04-88EB-625FBE52EBFB}</UniqueIdentifier>
      <Extensions>h;hpp;hxx;hm;inl;inc;xsd</Extensions>
    </Filter>
    <Filter Include="Interface">
      <UniqueIdentifier>{4311c728-e729-46cb-bdce-9e8496bd297e}</UniqueIdentifier>
    </Filter>
    <Filter Include="Utils">
      <UniqueIdentifier>{bf1f60af-4ae2-4fc0-a94d-e6851ea9b5c7}</UniqueIdentifier>
    </Filter>
    <Filter Include="Balance">
      <UniqueIdentifier>{0790a554-4f49-4c0f-a5be-e4344f07c961}</UniqueIdentifier>
    </Filter>
    <Filter Include="Pathfinding">
      <UniqueIdentifier>{a342873c-5ba3-4b2f-924b-f0e66e0c3f90}</UniqueIdentifier>
    </Filter>
  </ItemGroup>
  <ItemGroup>
    <ClCompile Include="Source\BaseLocationImpl.cpp">
      <Filter>Source Files</Filter>
    </ClCompile>
    <ClCompile Include="Source\BWTA.cpp">
      <Filter>Source Files</Filter>
    </ClCompile>
    <ClCompile Include="Source\BWTA_Result.cpp">
      <Filter>Source Files</Filter>
    </ClCompile>
    <ClCompile Include="Source\calculate_connectivity.cpp">
      <Filter>Source Files</Filter>
    </ClCompile>
    <ClCompile Include="Source\ChokepointImpl.cpp">
      <Filter>Source Files</Filter>
    </ClCompile>
    <ClCompile Include="Source\ConnectedComponent.cpp">
      <Filter>Source Files</Filter>
    </ClCompile>
    <ClCompile Include="Source\extract_polygons.cpp">
      <Filter>Source Files</Filter>
    </ClCompile>
    <ClCompile Include="Source\find_base_locations.cpp">
      <Filter>Source Files</Filter>
    </ClCompile>
    <ClCompile Include="Source\get_voronoi_edges.cpp">
      <Filter>Source Files</Filter>
    </ClCompile>
    <ClCompile Include="Source\Graph.cpp">
      <Filter>Source Files</Filter>
    </ClCompile>
    <ClCompile Include="Source\load_data.cpp">
      <Filter>Source Files</Filter>
    </ClCompile>
    <ClCompile Include="Source\MapData.cpp">
      <Filter>Source Files</Filter>
    </ClCompile>
    <ClCompile Include="Source\Node.cpp">
      <Filter>Source Files</Filter>
    </ClCompile>
    <ClCompile Include="Source\Polygon.cpp">
      <Filter>Source Files</Filter>
    </ClCompile>
    <ClCompile Include="Source\RegionImpl.cpp">
      <Filter>Source Files</Filter>
    </ClCompile>
    <ClCompile Include="Source\terrain_analysis.cpp">
      <Filter>Source Files</Filter>
    </ClCompile>
    <ClCompile Include="Source\util.cpp">
      <Filter>Source Files</Filter>
    </ClCompile>
    <ClCompile Include="Source\VertexData.cpp">
      <Filter>Source Files</Filter>
    </ClCompile>
    <ClCompile Include="Source\stdafx.cpp">
      <Filter>Utils</Filter>
    </ClCompile>
    <ClCompile Include="Source\BalanceMetrics.cpp">
      <Filter>Balance</Filter>
    </ClCompile>
    <ClCompile Include="Source\DistanceTransform.cpp">
      <Filter>Balance</Filter>
    </ClCompile>
    <ClCompile Include="Source\pathfinding.cpp">
      <Filter>Pathfinding</Filter>
    </ClCompile>
    <ClCompile Include="Source\Painter.cpp">
      <Filter>Utils</Filter>
    </ClCompile>
  </ItemGroup>
  <ItemGroup>
    <ClInclude Include="Source\BaseLocationImpl.h">
      <Filter>Header Files</Filter>
    </ClInclude>
    <ClInclude Include="Source\BWTA_Result.h">
      <Filter>Header Files</Filter>
    </ClInclude>
    <ClInclude Include="Source\ChokepointImpl.h">
      <Filter>Header Files</Filter>
    </ClInclude>
    <ClInclude Include="Source\Color.h">
      <Filter>Header Files</Filter>
    </ClInclude>
    <ClInclude Include="Source\ConnectedComponent.h">
      <Filter>Header Files</Filter>
    </ClInclude>
    <ClInclude Include="Source\extract_polygons.h">
      <Filter>Header Files</Filter>
    </ClInclude>
    <ClInclude Include="Source\find_base_locations.h">
      <Filter>Header Files</Filter>
    </ClInclude>
    <ClInclude Include="Source\functions.h">
      <Filter>Header Files</Filter>
    </ClInclude>
    <ClInclude Include="Source\Globals.h">
      <Filter>Header Files</Filter>
    </ClInclude>
    <ClInclude Include="Source\Graph.h">
      <Filter>Header Files</Filter>
    </ClInclude>
    <ClInclude Include="Source\MapData.h">
      <Filter>Header Files</Filter>
    </ClInclude>
    <ClInclude Include="Source\Node.h">
      <Filter>Header Files</Filter>
    </ClInclude>
    <ClInclude Include="Source\RegionImpl.h">
      <Filter>Header Files</Filter>
    </ClInclude>
    <ClInclude Include="Source\terrain_analysis.h">
      <Filter>Header Files</Filter>
    </ClInclude>
    <ClInclude Include="Source\VertexData.h">
      <Filter>Header Files</Filter>
    </ClInclude>
    <ClInclude Include="..\include\BWTA\BaseLocation.h">
      <Filter>Interface</Filter>
    </ClInclude>
    <ClInclude Include="..\include\BWTA.h">
      <Filter>Interface</Filter>
    </ClInclude>
    <ClInclude Include="..\include\BWTA\Chokepoint.h">
      <Filter>Interface</Filter>
    </ClInclude>
    <ClInclude Include="..\include\BWTA\Polygon.h">
      <Filter>Interface</Filter>
    </ClInclude>
    <ClInclude Include="..\include\BWTA\RectangleArray.h">
      <Filter>Interface</Filter>
    </ClInclude>
    <ClInclude Include="..\include\BWTA\Region.h">
      <Filter>Interface</Filter>
    </ClInclude>
    <ClInclude Include="Source\Heap.h">
      <Filter>Utils</Filter>
    </ClInclude>
    <ClInclude Include="Source\stdafx.h">
      <Filter>Utils</Filter>
    </ClInclude>
    <ClInclude Include="Source\BalanceMetrics.h">
      <Filter>Balance</Filter>
    </ClInclude>
    <ClInclude Include="Source\DistanceTransform.h">
      <Filter>Balance</Filter>
    </ClInclude>
    <ClInclude Include="Source\TileType.h">
      <Filter>Header Files</Filter>
    </ClInclude>
    <ClInclude Include="Source\Painter.h">
      <Filter>Utils</Filter>
    </ClInclude>
  </ItemGroup>
</Project>